
Microsoft Visual Studio Solution File, Format Version 12.00
# Visual Studio Version 17
VisualStudioVersion = 17.13.35931.197 d17.13
MinimumVisualStudioVersion = 10.0.40219.1
Project("{8BC9CEB8-8B4A-11D0-8D11-00A0C91BC942}") = "Corinth", "Corinth\Corinth.vcxproj", "{FE164B8B-BB82-206B-DFAC-11E913DF83FF}"
EndProject
Global
	GlobalSection(SolutionConfigurationPlatforms) = preSolution
		Debug|x64 = Debug|x64
		Debug|x86 = Debug|x86
		Release|x64 = Release|x64
		Release|x86 = Release|x86
	EndGlobalSection
	GlobalSection(ProjectConfigurationPlatforms) = postSolution
		{FE164B8B-BB82-206B-DFAC-11E913DF83FF}.Debug|x64.ActiveCfg = Debug|x64
		{FE164B8B-BB82-206B-DFAC-11E913DF83FF}.Debug|x64.Build.0 = Debug|x64
		{FE164B8B-BB82-206B-DFAC-11E913DF83FF}.Debug|x86.ActiveCfg = Debug|Win32
		{FE164B8B-BB82-206B-DFAC-11E913DF83FF}.Debug|x86.Build.0 = Debug|Win32
		{FE164B8B-BB82-206B-DFAC-11E913DF83FF}.Release|x64.ActiveCfg = Release|x64
		{FE164B8B-BB82-206B-DFAC-11E913DF83FF}.Release|x64.Build.0 = Release|x64
		{FE164B8B-BB82-206B-DFAC-11E913DF83FF}.Release|x86.ActiveCfg = Release|Win32
		{FE164B8B-BB82-206B-DFAC-11E913DF83FF}.Release|x86.Build.0 = Release|Win32
	EndGlobalSection
	GlobalSection(SolutionProperties) = preSolution
		HideSolutionNode = FALSE
	EndGlobalSection
	GlobalSection(ExtensibilityGlobals) = postSolution
		SolutionGuid = {E701E1DC-D72E-45E5-82DD-4BBAEA9CEC67}
	EndGlobalSection
EndGlobal
